
Microsoft Visual Studio Solution File, Format Version 12.00
# Visual Studio Version 16
VisualStudioVersion = 16.0.31205.134
MinimumVisualStudioVersion = 10.0.40219.1
Project("{2150E333-8FDC-42A3-9474-1A3956D46DE8}") = "Apis", "Apis", "{6B176421-C5C8-487F-85FA-C04444A86DB5}"
EndProject
Project("{9A19103F-16F7-4668-BE54-9A1E7A4F7556}") = "TagAC.Apis.AccessControl", "src\TagAC.Apis.AccessControl\TagAC.Apis.AccessControl.csproj", "{C16B7E36-36A5-4FD7-B79D-DFDD67A342EE}"
EndProject
Project("{E53339B2-1760-4266-BCC7-CA923CBCF16C}") = "docker-compose", "docker-compose.dcproj", "{13822EE2-F774-4D3B-A9ED-84B30BFBF283}"
EndProject
Project("{2150E333-8FDC-42A3-9474-1A3956D46DE8}") = "BuildingBlocks", "BuildingBlocks", "{0C1DC71E-0C62-4376-B216-A08FD7CF3214}"
EndProject
Project("{9A19103F-16F7-4668-BE54-9A1E7A4F7556}") = "TagAC.Core", "src\TagAC.Core\TagAC.Core.csproj", "{7AAA52BD-CE73-4E76-B6D5-2FBD9F5834D4}"
EndProject
Project("{FAE04EC0-301F-11D3-BF4B-00C04F79EFBC}") = "TagAC.Apis.Identity", "src\TagAC.Apis.Identity\TagAC.Apis.Identity.csproj", "{639C4E61-E04D-4ACC-812A-D53DA7AD8496}"
EndProject
Global
	GlobalSection(SolutionConfigurationPlatforms) = preSolution
		Debug|Any CPU = Debug|Any CPU
		Release|Any CPU = Release|Any CPU
	EndGlobalSection
	GlobalSection(ProjectConfigurationPlatforms) = postSolution
		{C16B7E36-36A5-4FD7-B79D-DFDD67A342EE}.Debug|Any CPU.ActiveCfg = Debug|Any CPU
		{C16B7E36-36A5-4FD7-B79D-DFDD67A342EE}.Debug|Any CPU.Build.0 = Debug|Any CPU
		{C16B7E36-36A5-4FD7-B79D-DFDD67A342EE}.Release|Any CPU.ActiveCfg = Release|Any CPU
		{C16B7E36-36A5-4FD7-B79D-DFDD67A342EE}.Release|Any CPU.Build.0 = Release|Any CPU
		{13822EE2-F774-4D3B-A9ED-84B30BFBF283}.Debug|Any CPU.ActiveCfg = Debug|Any CPU
		{13822EE2-F774-4D3B-A9ED-84B30BFBF283}.Debug|Any CPU.Build.0 = Debug|Any CPU
		{13822EE2-F774-4D3B-A9ED-84B30BFBF283}.Release|Any CPU.ActiveCfg = Release|Any CPU
		{13822EE2-F774-4D3B-A9ED-84B30BFBF283}.Release|Any CPU.Build.0 = Release|Any CPU
		{7AAA52BD-CE73-4E76-B6D5-2FBD9F5834D4}.Debug|Any CPU.ActiveCfg = Debug|Any CPU
		{7AAA52BD-CE73-4E76-B6D5-2FBD9F5834D4}.Debug|Any CPU.Build.0 = Debug|Any CPU
		{7AAA52BD-CE73-4E76-B6D5-2FBD9F5834D4}.Release|Any CPU.ActiveCfg = Release|Any CPU
		{7AAA52BD-CE73-4E76-B6D5-2FBD9F5834D4}.Release|Any CPU.Build.0 = Release|Any CPU
		{639C4E61-E04D-4ACC-812A-D53DA7AD8496}.Debug|Any CPU.ActiveCfg = Debug|Any CPU
		{639C4E61-E04D-4ACC-812A-D53DA7AD8496}.Debug|Any CPU.Build.0 = Debug|Any CPU
		{639C4E61-E04D-4ACC-812A-D53DA7AD8496}.Release|Any CPU.ActiveCfg = Release|Any CPU
		{639C4E61-E04D-4ACC-812A-D53DA7AD8496}.Release|Any CPU.Build.0 = Release|Any CPU
	EndGlobalSection
	GlobalSection(SolutionProperties) = preSolution
		HideSolutionNode = FALSE
	EndGlobalSection
	GlobalSection(NestedProjects) = preSolution
		{C16B7E36-36A5-4FD7-B79D-DFDD67A342EE} = {6B176421-C5C8-487F-85FA-C04444A86DB5}
		{7AAA52BD-CE73-4E76-B6D5-2FBD9F5834D4} = {0C1DC71E-0C62-4376-B216-A08FD7CF3214}
		{639C4E61-E04D-4ACC-812A-D53DA7AD8496} = {6B176421-C5C8-487F-85FA-C04444A86DB5}
	EndGlobalSection
	GlobalSection(ExtensibilityGlobals) = postSolution
		SolutionGuid = {EAF34FAE-46F1-48CD-96AB-E444394A065A}
	EndGlobalSection
EndGlobal
