
Microsoft Visual Studio Solution File, Format Version 12.00
# Visual Studio Version 16
VisualStudioVersion = 16.0.31205.134
MinimumVisualStudioVersion = 10.0.40219.1
Project("{9A19103F-16F7-4668-BE54-9A1E7A4F7556}") = "TagAC.Apis.AccessControl", "src\TagAC.Apis.AccessControl\TagAC.Apis.AccessControl.csproj", "{C16B7E36-36A5-4FD7-B79D-DFDD67A342EE}"
EndProject
Project("{E53339B2-1760-4266-BCC7-CA923CBCF16C}") = "docker-compose", "docker-compose.dcproj", "{13822EE2-F774-4D3B-A9ED-84B30BFBF283}"
EndProject
Project("{9A19103F-16F7-4668-BE54-9A1E7A4F7556}") = "TagAC.Apis.Identity", "src\TagAC.Apis.Identity\TagAC.Apis.Identity.csproj", "{639C4E61-E04D-4ACC-812A-D53DA7AD8496}"
EndProject
Project("{9A19103F-16F7-4668-BE54-9A1E7A4F7556}") = "TagAC.Apis.Management", "src\TagAC.Apis.Management\TagAC.Apis.Management.csproj", "{E2ACB986-2486-4456-969F-D55951A96F70}"
EndProject
Project("{2150E333-8FDC-42A3-9474-1A3956D46DE8}") = "02 - UI", "02 - UI", "{3DF9729E-6640-45DC-8A2F-69B6C6DEA5EB}"
EndProject
Project("{9A19103F-16F7-4668-BE54-9A1E7A4F7556}") = "TagAC.UI.MVC", "src\TagAC.UI.MVC\TagAC.UI.MVC.csproj", "{F9315E32-3D94-4D81-8547-B6358614BE9D}"
EndProject
Project("{2150E333-8FDC-42A3-9474-1A3956D46DE8}") = "03 - Services", "03 - Services", "{E14E00D7-8CED-4B71-9245-215343B5D81D}"
EndProject
Project("{2150E333-8FDC-42A3-9474-1A3956D46DE8}") = "AccessControl", "AccessControl", "{7E87D838-A55C-4551-A291-8CD116293827}"
EndProject
Project("{2150E333-8FDC-42A3-9474-1A3956D46DE8}") = "Identity", "Identity", "{21FCEDA0-AE62-4BDE-8000-F514E041E283}"
EndProject
Project("{2150E333-8FDC-42A3-9474-1A3956D46DE8}") = "Management", "Management", "{A1B46A05-AE1F-49E3-BA26-0B13887EE617}"
EndProject
Project("{9A19103F-16F7-4668-BE54-9A1E7A4F7556}") = "TagAC.Management.Domain", "src\TagAC.Management.Domain\TagAC.Management.Domain.csproj", "{9F7987C1-4D28-48B1-A8C1-9470970422FC}"
EndProject
Project("{9A19103F-16F7-4668-BE54-9A1E7A4F7556}") = "TagAC.Management.Data.EFCore", "src\TagAC.Management.Data.EFCore\TagAC.Management.Data.EFCore.csproj", "{F67B54BF-F641-410D-9A91-C466C3A31644}"
EndProject
Project("{9A19103F-16F7-4668-BE54-9A1E7A4F7556}") = "TagAC.Domain", "src\TagAC.Domain\TagAC.Domain.csproj", "{4208DB85-6969-4C6E-91BD-4C6CA0526219}"
EndProject
Project("{2150E333-8FDC-42A3-9474-1A3956D46DE8}") = "03 - Domain", "03 - Domain", "{EBB8C346-3B6C-41DF-95C9-10DF35042092}"
EndProject
Project("{2150E333-8FDC-42A3-9474-1A3956D46DE8}") = "01 - Solution Items", "01 - Solution Items", "{4CAE1B36-88C5-4ADE-BD82-7DD4A72B14E1}"
	ProjectSection(SolutionItems) = preProject
		README.md = README.md
	EndProjectSection
EndProject
Global
	GlobalSection(SolutionConfigurationPlatforms) = preSolution
		Debug|Any CPU = Debug|Any CPU
		Release|Any CPU = Release|Any CPU
	EndGlobalSection
	GlobalSection(ProjectConfigurationPlatforms) = postSolution
		{C16B7E36-36A5-4FD7-B79D-DFDD67A342EE}.Debug|Any CPU.ActiveCfg = Debug|Any CPU
		{C16B7E36-36A5-4FD7-B79D-DFDD67A342EE}.Debug|Any CPU.Build.0 = Debug|Any CPU
		{C16B7E36-36A5-4FD7-B79D-DFDD67A342EE}.Release|Any CPU.ActiveCfg = Release|Any CPU
		{C16B7E36-36A5-4FD7-B79D-DFDD67A342EE}.Release|Any CPU.Build.0 = Release|Any CPU
		{13822EE2-F774-4D3B-A9ED-84B30BFBF283}.Debug|Any CPU.ActiveCfg = Debug|Any CPU
		{13822EE2-F774-4D3B-A9ED-84B30BFBF283}.Debug|Any CPU.Build.0 = Debug|Any CPU
		{13822EE2-F774-4D3B-A9ED-84B30BFBF283}.Release|Any CPU.ActiveCfg = Release|Any CPU
		{13822EE2-F774-4D3B-A9ED-84B30BFBF283}.Release|Any CPU.Build.0 = Release|Any CPU
		{639C4E61-E04D-4ACC-812A-D53DA7AD8496}.Debug|Any CPU.ActiveCfg = Debug|Any CPU
		{639C4E61-E04D-4ACC-812A-D53DA7AD8496}.Debug|Any CPU.Build.0 = Debug|Any CPU
		{639C4E61-E04D-4ACC-812A-D53DA7AD8496}.Release|Any CPU.ActiveCfg = Release|Any CPU
		{639C4E61-E04D-4ACC-812A-D53DA7AD8496}.Release|Any CPU.Build.0 = Release|Any CPU
		{E2ACB986-2486-4456-969F-D55951A96F70}.Debug|Any CPU.ActiveCfg = Debug|Any CPU
		{E2ACB986-2486-4456-969F-D55951A96F70}.Debug|Any CPU.Build.0 = Debug|Any CPU
		{E2ACB986-2486-4456-969F-D55951A96F70}.Release|Any CPU.ActiveCfg = Release|Any CPU
		{E2ACB986-2486-4456-969F-D55951A96F70}.Release|Any CPU.Build.0 = Release|Any CPU
		{F9315E32-3D94-4D81-8547-B6358614BE9D}.Debug|Any CPU.ActiveCfg = Debug|Any CPU
		{F9315E32-3D94-4D81-8547-B6358614BE9D}.Debug|Any CPU.Build.0 = Debug|Any CPU
		{F9315E32-3D94-4D81-8547-B6358614BE9D}.Release|Any CPU.ActiveCfg = Release|Any CPU
		{F9315E32-3D94-4D81-8547-B6358614BE9D}.Release|Any CPU.Build.0 = Release|Any CPU
		{9F7987C1-4D28-48B1-A8C1-9470970422FC}.Debug|Any CPU.ActiveCfg = Debug|Any CPU
		{9F7987C1-4D28-48B1-A8C1-9470970422FC}.Debug|Any CPU.Build.0 = Debug|Any CPU
		{9F7987C1-4D28-48B1-A8C1-9470970422FC}.Release|Any CPU.ActiveCfg = Release|Any CPU
		{9F7987C1-4D28-48B1-A8C1-9470970422FC}.Release|Any CPU.Build.0 = Release|Any CPU
		{F67B54BF-F641-410D-9A91-C466C3A31644}.Debug|Any CPU.ActiveCfg = Debug|Any CPU
		{F67B54BF-F641-410D-9A91-C466C3A31644}.Debug|Any CPU.Build.0 = Debug|Any CPU
		{F67B54BF-F641-410D-9A91-C466C3A31644}.Release|Any CPU.ActiveCfg = Release|Any CPU
		{F67B54BF-F641-410D-9A91-C466C3A31644}.Release|Any CPU.Build.0 = Release|Any CPU
		{4208DB85-6969-4C6E-91BD-4C6CA0526219}.Debug|Any CPU.ActiveCfg = Debug|Any CPU
		{4208DB85-6969-4C6E-91BD-4C6CA0526219}.Debug|Any CPU.Build.0 = Debug|Any CPU
		{4208DB85-6969-4C6E-91BD-4C6CA0526219}.Release|Any CPU.ActiveCfg = Release|Any CPU
		{4208DB85-6969-4C6E-91BD-4C6CA0526219}.Release|Any CPU.Build.0 = Release|Any CPU
	EndGlobalSection
	GlobalSection(SolutionProperties) = preSolution
		HideSolutionNode = FALSE
	EndGlobalSection
	GlobalSection(NestedProjects) = preSolution
		{C16B7E36-36A5-4FD7-B79D-DFDD67A342EE} = {7E87D838-A55C-4551-A291-8CD116293827}
		{639C4E61-E04D-4ACC-812A-D53DA7AD8496} = {21FCEDA0-AE62-4BDE-8000-F514E041E283}
		{E2ACB986-2486-4456-969F-D55951A96F70} = {A1B46A05-AE1F-49E3-BA26-0B13887EE617}
		{F9315E32-3D94-4D81-8547-B6358614BE9D} = {3DF9729E-6640-45DC-8A2F-69B6C6DEA5EB}
		{7E87D838-A55C-4551-A291-8CD116293827} = {E14E00D7-8CED-4B71-9245-215343B5D81D}
		{21FCEDA0-AE62-4BDE-8000-F514E041E283} = {E14E00D7-8CED-4B71-9245-215343B5D81D}
		{A1B46A05-AE1F-49E3-BA26-0B13887EE617} = {E14E00D7-8CED-4B71-9245-215343B5D81D}
		{9F7987C1-4D28-48B1-A8C1-9470970422FC} = {A1B46A05-AE1F-49E3-BA26-0B13887EE617}
		{F67B54BF-F641-410D-9A91-C466C3A31644} = {A1B46A05-AE1F-49E3-BA26-0B13887EE617}
		{4208DB85-6969-4C6E-91BD-4C6CA0526219} = {EBB8C346-3B6C-41DF-95C9-10DF35042092}
	EndGlobalSection
	GlobalSection(ExtensibilityGlobals) = postSolution
		SolutionGuid = {EAF34FAE-46F1-48CD-96AB-E444394A065A}
	EndGlobalSection
EndGlobal
